
Microsoft Visual Studio Solution File, Format Version 12.00
# Visual Studio Version 16
VisualStudioVersion = 16.0.31321.278
MinimumVisualStudioVersion = 10.0.40219.1
Project("{FAE04EC0-301F-11D3-BF4B-00C04F79EFBC}") = "pipeline", "pipeline\pipeline.csproj", "{1B36CE35-72A1-47FE-86DC-768BCE7DE67F}"
EndProject
Global
	GlobalSection(SolutionConfigurationPlatforms) = preSolution
		Debug|Any CPU = Debug|Any CPU
		Release|Any CPU = Release|Any CPU
	EndGlobalSection
	GlobalSection(ProjectConfigurationPlatforms) = postSolution
		{1B36CE35-72A1-47FE-86DC-768BCE7DE67F}.Debug|Any CPU.ActiveCfg = Debug|Any CPU
		{1B36CE35-72A1-47FE-86DC-768BCE7DE67F}.Debug|Any CPU.Build.0 = Debug|Any CPU
		{1B36CE35-72A1-47FE-86DC-768BCE7DE67F}.Release|Any CPU.ActiveCfg = Release|Any CPU
		{1B36CE35-72A1-47FE-86DC-768BCE7DE67F}.Release|Any CPU.Build.0 = Release|Any CPU
	EndGlobalSection
	GlobalSection(SolutionProperties) = preSolution
		HideSolutionNode = FALSE
	EndGlobalSection
	GlobalSection(ExtensibilityGlobals) = postSolution
		SolutionGuid = {02E36A02-DB5A-44EE-88FC-0D3DDBDD3628}
	EndGlobalSection
EndGlobal
